
Microsoft Visual Studio Solution File, Format Version 12.00
# Visual Studio 15
VisualStudioVersion = 15.0.26730.15
MinimumVisualStudioVersion = 10.0.40219.1
Project("{FAE04EC0-301F-11D3-BF4B-00C04F79EFBC}") = "Stack_Michalitsch_Wi16b157", "Stack_Michalitsch_Wi16b157\Stack_Michalitsch_Wi16b157.csproj", "{3ED1FFB2-C25D-43C9-914C-6AC0BE1F3C5A}"
EndProject
Global
	GlobalSection(SolutionConfigurationPlatforms) = preSolution
		Debug|Any CPU = Debug|Any CPU
		Release|Any CPU = Release|Any CPU
	EndGlobalSection
	GlobalSection(ProjectConfigurationPlatforms) = postSolution
		{3ED1FFB2-C25D-43C9-914C-6AC0BE1F3C5A}.Debug|Any CPU.ActiveCfg = Debug|Any CPU
		{3ED1FFB2-C25D-43C9-914C-6AC0BE1F3C5A}.Debug|Any CPU.Build.0 = Debug|Any CPU
		{3ED1FFB2-C25D-43C9-914C-6AC0BE1F3C5A}.Release|Any CPU.ActiveCfg = Release|Any CPU
		{3ED1FFB2-C25D-43C9-914C-6AC0BE1F3C5A}.Release|Any CPU.Build.0 = Release|Any CPU
	EndGlobalSection
	GlobalSection(SolutionProperties) = preSolution
		HideSolutionNode = FALSE
	EndGlobalSection
	GlobalSection(ExtensibilityGlobals) = postSolution
		SolutionGuid = {D2114AA2-A58C-4A21-BB06-DE7AFC82D868}
	EndGlobalSection
EndGlobal
